
Microsoft Visual Studio Solution File, Format Version 12.00
# Visual Studio Version 17
VisualStudioVersion = 17.8.34511.84
MinimumVisualStudioVersion = 10.0.40219.1
Project("{FAE04EC0-301F-11D3-BF4B-00C04F79EFBC}") = "RobotUXUI", "RobotUXUI\RobotUXUI.csproj", "{95B667CB-C9E7-42E7-BAE0-AA5F83B2567D}"
EndProject
Global
	GlobalSection(SolutionConfigurationPlatforms) = preSolution
		Debug|Any CPU = Debug|Any CPU
		Release|Any CPU = Release|Any CPU
	EndGlobalSection
	GlobalSection(ProjectConfigurationPlatforms) = postSolution
		{95B667CB-C9E7-42E7-BAE0-AA5F83B2567D}.Debug|Any CPU.ActiveCfg = Debug|Any CPU
		{95B667CB-C9E7-42E7-BAE0-AA5F83B2567D}.Debug|Any CPU.Build.0 = Debug|Any CPU
		{95B667CB-C9E7-42E7-BAE0-AA5F83B2567D}.Release|Any CPU.ActiveCfg = Release|Any CPU
		{95B667CB-C9E7-42E7-BAE0-AA5F83B2567D}.Release|Any CPU.Build.0 = Release|Any CPU
	EndGlobalSection
	GlobalSection(SolutionProperties) = preSolution
		HideSolutionNode = FALSE
	EndGlobalSection
	GlobalSection(ExtensibilityGlobals) = postSolution
		SolutionGuid = {C2EBF25D-2E8E-411E-B4F3-814134D0287D}
	EndGlobalSection
EndGlobal
